// !$*UTF8*$!
{
	archiveVersion = 1;
	classes = {
	};
	objectVersion = 50;
	objects = {

/* Begin PBXBuildFile section */
		1CB0418721F8E33C00584F77 /* AppDelegate.swift in Sources */ = {isa = PBXBuildFile; fileRef = 1CB0418621F8E33C00584F77 /* AppDelegate.swift */; };
		1CB0418921F8E33C00584F77 /* ViewController.swift in Sources */ = {isa = PBXBuildFile; fileRef = 1CB0418821F8E33C00584F77 /* ViewController.swift */; };
		1CB0418C21F8E33C00584F77 /* Main.storyboard in Resources */ = {isa = PBXBuildFile; fileRef = 1CB0418A21F8E33C00584F77 /* Main.storyboard */; };
		1CB0418E21F8E34700584F77 /* Assets.xcassets in Resources */ = {isa = PBXBuildFile; fileRef = 1CB0418D21F8E34700584F77 /* Assets.xcassets */; };
		1CB0419121F8E34700584F77 /* LaunchScreen.storyboard in Resources */ = {isa = PBXBuildFile; fileRef = 1CB0418F21F8E34700584F77 /* LaunchScreen.storyboard */; };
/* End PBXBuildFile section */

/* Begin PBXFileReference section */
		1CB0418321F8E33C00584F77 /* CreatingBSTFromGivenArray.app */ = {isa = PBXFileReference; explicitFileType = wrapper.application; includeInIndex = 0; path = CreatingBSTFromGivenArray.app; sourceTree = BUILT_PRODUCTS_DIR; };
		1CB0418621F8E33C00584F77 /* AppDelegate.swift */ = {isa = PBXFileReference; lastKnownFileType = sourcecode.swift; path = AppDelegate.swift; sourceTree = "<group>"; };
		1CB0418821F8E33C00584F77 /* ViewController.swift */ = {isa = PBXFileReference; lastKnownFileType = sourcecode.swift; path = ViewController.swift; sourceTree = "<group>"; };
		1CB0418B21F8E33C00584F77 /* Base */ = {isa = PBXFileReference; lastKnownFileType = file.storyboard; name = Base; path = Base.lproj/Main.storyboard; sourceTree = "<group>"; };
		1CB0418D21F8E34700584F77 /* Assets.xcassets */ = {isa = PBXFileReference; lastKnownFileType = folder.assetcatalog; path = Assets.xcassets; sourceTree = "<group>"; };
		1CB0419021F8E34700584F77 /* Base */ = {isa = PBXFileReference; lastKnownFileType = file.storyboard; name = Base; path = Base.lproj/LaunchScreen.storyboard; sourceTree = "<group>"; };
		1CB0419221F8E34700584F77 /* Info.plist */ = {isa = PBXFileReference; lastKnownFileType = text.plist.xml; path = Info.plist; sourceTree = "<group>"; };
/* End PBXFileReference section */

/* Begin PBXFrameworksBuildPhase section */
		1CB0418021F8E33C00584F77 /* Frameworks */ = {
			isa = PBXFrameworksBuildPhase;
			buildActionMask = 2147483647;
			files = (
			);
			runOnlyForDeploymentPostprocessing = 0;
		};
/* End PBXFrameworksBuildPhase section */

/* Begin PBXGroup section */
		1CB0417A21F8E33C00584F77 = {
			isa = PBXGroup;
			children = (
				1CB0418521F8E33C00584F77 /* CreatingBSTFromGivenArray */,
				1CB0418421F8E33C00584F77 /* Products */,
			);
			sourceTree = "<group>";
		};
		1CB0418421F8E33C00584F77 /* Products */ = {
			isa = PBXGroup;
			children = (
				1CB0418321F8E33C00584F77 /* CreatingBSTFromGivenArray.app */,
			);
			name = Products;
			sourceTree = "<group>";
		};
		1CB0418521F8E33C00584F77 /* CreatingBSTFromGivenArray */ = {
			isa = PBXGroup;
			children = (
				1CB0418621F8E33C00584F77 /* AppDelegate.swift */,
				1CB0418821F8E33C00584F77 /* ViewController.swift */,
				1CB0418A21F8E33C00584F77 /* Main.storyboard */,
				1CB0418D21F8E34700584F77 /* Assets.xcassets */,
				1CB0418F21F8E34700584F77 /* LaunchScreen.storyboard */,
				1CB0419221F8E34700584F77 /* Info.plist */,
			);
			path = CreatingBSTFromGivenArray;
			sourceTree = "<group>";
		};
/* End PBXGroup section */

/* Begin PBXNativeTarget section */
		1CB0418221F8E33C00584F77 /* CreatingBSTFromGivenArray */ = {
			isa = PBXNativeTarget;
			buildConfigurationList = 1CB0419521F8E34700584F77 /* Build configuration list for PBXNativeTarget "CreatingBSTFromGivenArray" */;
			buildPhases = (
				1CB0417F21F8E33C00584F77 /* Sources */,
				1CB0418021F8E33C00584F77 /* Frameworks */,
				1CB0418121F8E33C00584F77 /* Resources */,
			);
			buildRules = (
			);
			dependencies = (
			);
			name = CreatingBSTFromGivenArray;
			productName = CreatingBSTFromGivenArray;
			productReference = 1CB0418321F8E33C00584F77 /* CreatingBSTFromGivenArray.app */;
			productType = "com.apple.product-type.application";
		};
/* End PBXNativeTarget section */

/* Begin PBXProject section */
		1CB0417B21F8E33C00584F77 /* Project object */ = {
			isa = PBXProject;
			attributes = {
				LastSwiftUpdateCheck = 1010;
				LastUpgradeCheck = 1010;
				ORGANIZATIONNAME = CoderWork;
				TargetAttributes = {
					1CB0418221F8E33C00584F77 = {
						CreatedOnToolsVersion = 10.1;
					};
				};
			};
			buildConfigurationList = 1CB0417E21F8E33C00584F77 /* Build configuration list for PBXProject "CreatingBSTFromGivenArray" */;
			compatibilityVersion = "Xcode 9.3";
			developmentRegion = en;
			hasScannedForEncodings = 0;
			knownRegions = (
				en,
				Base,
			);
			mainGroup = 1CB0417A21F8E33C00584F77;
			productRefGroup = 1CB0418421F8E33C00584F77 /* Products */;
			projectDirPath = "";
			projectRoot = "";
			targets = (
				1CB0418221F8E33C00584F77 /* CreatingBSTFromGivenArray */,
			);
		};
/* End PBXProject section */

/* Begin PBXResourcesBuildPhase section */
		1CB0418121F8E33C00584F77 /* Resources */ = {
			isa = PBXResourcesBuildPhase;
			buildActionMask = 2147483647;
			files = (
				1CB0419121F8E34700584F77 /* LaunchScreen.storyboard in Resources */,
				1CB0418E21F8E34700584F77 /* Assets.xcassets in Resources */,
				1CB0418C21F8E33C00584F77 /* Main.storyboard in Resources */,
			);
			runOnlyForDeploymentPostprocessing = 0;
		};
/* End PBXResourcesBuildPhase section */

/* Begin PBXSourcesBuildPhase section */
		1CB0417F21F8E33C00584F77 /* Sources */ = {
			isa = PBXSourcesBuildPhase;
			buildActionMask = 2147483647;
			files = (
				1CB0418921F8E33C00584F77 /* ViewController.swift in Sources */,
				1CB0418721F8E33C00584F77 /* AppDelegate.swift in Sources */,
			);
			runOnlyForDeploymentPostprocessing = 0;
		};
/* End PBXSourcesBuildPhase section */

/* Begin PBXVariantGroup section */
		1CB0418A21F8E33C00584F77 /* Main.storyboard */ = {
			isa = PBXVariantGroup;
			children = (
				1CB0418B21F8E33C00584F77 /* Base */,
			);
			name = Main.storyboard;
			sourceTree = "<group>";
		};
		1CB0418F21F8E34700584F77 /* LaunchScreen.storyboard */ = {
			isa = PBXVariantGroup;
			children = (
				1CB0419021F8E34700584F77 /* Base */,
			);
			name = LaunchScreen.storyboard;
			sourceTree = "<group>";
		};
/* End PBXVariantGroup section */

/* Begin XCBuildConfiguration section */
		1CB0419321F8E34700584F77 /* Debug */ = {
			isa = XCBuildConfiguration;
			buildSettings = {
				ALWAYS_SEARCH_USER_PATHS = NO;
				CLANG_ANALYZER_NONNULL = YES;
				CLANG_ANALYZER_NUMBER_OBJECT_CONVERSION = YES_AGGRESSIVE;
				CLANG_CXX_LANGUAGE_STANDARD = "gnu++14";
				CLANG_CXX_LIBRARY = "libc++";
				CLANG_ENABLE_MODULES = YES;
				CLANG_ENABLE_OBJC_ARC = YES;
				CLANG_ENABLE_OBJC_WEAK = YES;
				CLANG_WARN_BLOCK_CAPTURE_AUTORELEASING = YES;
				CLANG_WARN_BOOL_CONVERSION = YES;
				CLANG_WARN_COMMA = YES;
				CLANG_WARN_CONSTANT_CONVERSION = YES;
				CLANG_WARN_DEPRECATED_OBJC_IMPLEMENTATIONS = YES;
				CLANG_WARN_DIRECT_OBJC_ISA_USAGE = YES_ERROR;
				CLANG_WARN_DOCUMENTATION_COMMENTS = YES;
				CLANG_WARN_EMPTY_BODY = YES;
				CLANG_WARN_ENUM_CONVERSION = YES;
				CLANG_WARN_INFINITE_RECURSION = YES;
				CLANG_WARN_INT_CONVERSION = YES;
				CLANG_WARN_NON_LITERAL_NULL_CONVERSION = YES;
				CLANG_WARN_OBJC_IMPLICIT_RETAIN_SELF = YES;
				CLANG_WARN_OBJC_LITERAL_CONVERSION = YES;
				CLANG_WARN_OBJC_ROOT_CLASS = YES_ERROR;
				CLANG_WARN_RANGE_LOOP_ANALYSIS = YES;
				CLANG_WARN_STRICT_PROTOTYPES = YES;
				CLANG_WARN_SUSPICIOUS_MOVE = YES;
				CLANG_WARN_UNGUARDED_AVAILABILITY = YES_AGGRESSIVE;
				CLANG_WARN_UNREACHABLE_CODE = YES;
				CLANG_WARN__DUPLICATE_METHOD_MATCH = YES;
				CODE_SIGN_IDENTITY = "iPhone Developer";
				COPY_PHASE_STRIP = NO;
				DEBUG_INFORMATION_FORMAT = dwarf;
				ENABLE_STRICT_OBJC_MSGSEND = YES;
				ENABLE_TESTABILITY = YES;
				GCC_C_LANGUAGE_STANDARD = gnu11;
				GCC_DYNAMIC_NO_PIC = NO;
				GCC_NO_COMMON_BLOCKS = YES;
				GCC_OPTIMIZATION_LEVEL = 0;
				GCC_PREPROCESSOR_DEFINITIONS = (
					"DEBUG=1",
					"$(inherited)",
				);
				GCC_WARN_64_TO_32_BIT_CONVERSION = YES;
				GCC_WARN_ABOUT_RETURN_TYPE = YES_ERROR;
				GCC_WARN_UNDECLARED_SELECTOR = YES;
				GCC_WARN_UNINITIALIZED_AUTOS = YES_AGGRESSIVE;
				GCC_WARN_UNUSED_FUNCTION = YES;
				GCC_WARN_UNUSED_VARIABLE = YES;
				IPHONEOS_DEPLOYMENT_TARGET = 12.1;
				MTL_ENABLE_DEBUG_INFO = INCLUDE_SOURCE;
				MTL_FAST_MATH = YES;
				ONLY_ACTIVE_ARCH = YES;
				SDKROOT = iphoneos;
				SWIFT_ACTIVE_COMPILATION_CONDITIONS = DEBUG;
				SWIFT_OPTIMIZATION_LEVEL = "-Onone";
			};
			name = Debug;
		};
		1CB0419421F8E34700584F77 /* Release */ = {
			isa = XCBuildConfiguration;
			buildSettings = {
				ALWAYS_SEARCH_USER_PATHS = NO;
				CLANG_ANALYZER_NONNULL = YES;
				CLANG_ANALYZER_NUMBER_OBJECT_CONVERSION = YES_AGGRESSIVE;
				CLANG_CXX_LANGUAGE_STANDARD = "gnu++14";
				CLANG_CXX_LIBRARY = "libc++";
				CLANG_ENABLE_MODULES = YES;
				CLANG_ENABLE_OBJC_ARC = YES;
				CLANG_ENABLE_OBJC_WEAK = YES;
				CLANG_WARN_BLOCK_CAPTURE_AUTORELEASING = YES;
				CLANG_WARN_BOOL_CONVERSION = YES;
				CLANG_WARN_COMMA = YES;
				CLANG_WARN_CONSTANT_CONVERSION = YES;
				CLANG_WARN_DEPRECATED_OBJC_IMPLEMENTATIONS = YES;
				CLANG_WARN_DIRECT_OBJC_ISA_USAGE = YES_ERROR;
				CLANG_WARN_DOCUMENTATION_COMMENTS = YES;
				CLANG_WARN_EMPTY_BODY = YES;
				CLANG_WARN_ENUM_CONVERSION = YES;
				CLANG_WARN_INFINITE_RECURSION = YES;
				CLANG_WARN_INT_CONVERSION = YES;
				CLANG_WARN_NON_LITERAL_NULL_CONVERSION = YES;
				CLANG_WARN_OBJC_IMPLICIT_RETAIN_SELF = YES;
				CLANG_WARN_OBJC_LITERAL_CONVERSION = YES;
				CLANG_WARN_OBJC_ROOT_CLASS = YES_ERROR;
				CLANG_WARN_RANGE_LOOP_ANALYSIS = YES;
				CLANG_WARN_STRICT_PROTOTYPES = YES;
				CLANG_WARN_SUSPICIOUS_MOVE = YES;
				CLANG_WARN_UNGUARDED_AVAILABILITY = YES_AGGRESSIVE;
				CLANG_WARN_UNREACHABLE_CODE = YES;
				CLANG_WARN__DUPLICATE_METHOD_MATCH = YES;
				CODE_SIGN_IDENTITY = "iPhone Developer";
				COPY_PHASE_STRIP = NO;
				DEBUG_INFORMATION_FORMAT = "dwarf-with-dsym";
				ENABLE_NS_ASSERTIONS = NO;
				ENABLE_STRICT_OBJC_MSGSEND = YES;
				GCC_C_LANGUAGE_STANDARD = gnu11;
				GCC_NO_COMMON_BLOCKS = YES;
				GCC_WARN_64_TO_32_BIT_CONVERSION = YES;
				GCC_WARN_ABOUT_RETURN_TYPE = YES_ERROR;
				GCC_WARN_UNDECLARED_SELECTOR = YES;
				GCC_WARN_UNINITIALIZED_AUTOS = YES_AGGRESSIVE;
				GCC_WARN_UNUSED_FUNCTION = YES;
				GCC_WARN_UNUSED_VARIABLE = YES;
				IPHONEOS_DEPLOYMENT_TARGET = 12.1;
				MTL_ENABLE_DEBUG_INFO = NO;
				MTL_FAST_MATH = YES;
				SDKROOT = iphoneos;
				SWIFT_COMPILATION_MODE = wholemodule;
				SWIFT_OPTIMIZATION_LEVEL = "-O";
				VALIDATE_PRODUCT = YES;
			};
			name = Release;
		};
		1CB0419621F8E34700584F77 /* Debug */ = {
			isa = XCBuildConfiguration;
			buildSettings = {
				ASSETCATALOG_COMPILER_APPICON_NAME = AppIcon;
				CODE_SIGN_STYLE = Automatic;
				INFOPLIST_FILE = CreatingBSTFromGivenArray/Info.plist;
				LD_RUNPATH_SEARCH_PATHS = (
					"$(inherited)",
					"@executable_path/Frameworks",
				);
				PRODUCT_BUNDLE_IDENTIFIER = mukul.CreatingBSTFromGivenArray;
				PRODUCT_NAME = "$(TARGET_NAME)";
				SWIFT_VERSION = 4.2;
				TARGETED_DEVICE_FAMILY = "1,2";
			};
			name = Debug;
		};
		1CB0419721F8E34700584F77 /* Release */ = {
			isa = XCBuildConfiguration;
			buildSettings = {
				ASSETCATALOG_COMPILER_APPICON_NAME = AppIcon;
				CODE_SIGN_STYLE = Automatic;
				INFOPLIST_FILE = CreatingBSTFromGivenArray/Info.plist;
				LD_RUNPATH_SEARCH_PATHS = (
					"$(inherited)",
					"@executable_path/Frameworks",
				);
				PRODUCT_BUNDLE_IDENTIFIER = mukul.CreatingBSTFromGivenArray;
				PRODUCT_NAME = "$(TARGET_NAME)";
				SWIFT_VERSION = 4.2;
				TARGETED_DEVICE_FAMILY = "1,2";
			};
			name = Release;
		};
/* End XCBuildConfiguration section */

/* Begin XCConfigurationList section */
		1CB0417E21F8E33C00584F77 /* Build configuration list for PBXProject "CreatingBSTFromGivenArray" */ = {
			isa = XCConfigurationList;
			buildConfigurations = (
				1CB0419321F8E34700584F77 /* Debug */,
				1CB0419421F8E34700584F77 /* Release */,
			);
			defaultConfigurationIsVisible = 0;
			defaultConfigurationName = Release;
		};
		1CB0419521F8E34700584F77 /* Build configuration list for PBXNativeTarget "CreatingBSTFromGivenArray" */ = {
			isa = XCConfigurationList;
			buildConfigurations = (
				1CB0419621F8E34700584F77 /* Debug */,
				1CB0419721F8E34700584F77 /* Release */,
			);
			defaultConfigurationIsVisible = 0;
			defaultConfigurationName = Release;
		};
/* End XCConfigurationList section */
	};
	rootObject = 1CB0417B21F8E33C00584F77 /* Project object */;
}
